Microsoft Visual Studio Solution File, Format Version 12.00
# Visual Studio Version 17
VisualStudioVersion = 17.5.2.0
MinimumVisualStudioVersion = 10.0.40219.1
Project("{FAE04EC0-301F-11D3-BF4B-00C04F79EFBC}") = "ZooManagerApi", "ZooManagerApi\ZooManagerApi.csproj", "{F261240D-5140-F4D6-CD21-0EF27F4C7C51}"
EndProject
Global
	GlobalSection(SolutionConfigurationPlatforms) = preSolution
		Debug|Any CPU = Debug|Any CPU
		Release|Any CPU = Release|Any CPU
	EndGlobalSection
	GlobalSection(ProjectConfigurationPlatforms) = postSolution
		{F261240D-5140-F4D6-CD21-0EF27F4C7C51}.Debug|Any CPU.ActiveCfg = Debug|Any CPU
		{F261240D-5140-F4D6-CD21-0EF27F4C7C51}.Debug|Any CPU.Build.0 = Debug|Any CPU
		{F261240D-5140-F4D6-CD21-0EF27F4C7C51}.Release|Any CPU.ActiveCfg = Release|Any CPU
		{F261240D-5140-F4D6-CD21-0EF27F4C7C51}.Release|Any CPU.Build.0 = Release|Any CPU
	EndGlobalSection
	GlobalSection(SolutionProperties) = preSolution
		HideSolutionNode = FALSE
	EndGlobalSection
	GlobalSection(ExtensibilityGlobals) = postSolution
		SolutionGuid = {B2BDD2D3-14EC-4097-BBD0-2BEF1BC754DF}
	EndGlobalSection
EndGlobal
